
Microsoft Visual Studio Solution File, Format Version 11.00
# Visual Basic Express 2010
Project("{F184B08F-C81C-45F6-A57F-5ABD9991F28F}") = "prog4", "prog4\prog4.vbproj", "{F936BE5B-EFAC-4963-B7BB-1DF2BE8171AB}"
EndProject
Global
	GlobalSection(SolutionConfigurationPlatforms) = preSolution
		Debug|x86 = Debug|x86
		Release|x86 = Release|x86
	EndGlobalSection
	GlobalSection(ProjectConfigurationPlatforms) = postSolution
		{F936BE5B-EFAC-4963-B7BB-1DF2BE8171AB}.Debug|x86.ActiveCfg = Debug|x86
		{F936BE5B-EFAC-4963-B7BB-1DF2BE8171AB}.Debug|x86.Build.0 = Debug|x86
		{F936BE5B-EFAC-4963-B7BB-1DF2BE8171AB}.Release|x86.ActiveCfg = Release|x86
		{F936BE5B-EFAC-4963-B7BB-1DF2BE8171AB}.Release|x86.Build.0 = Release|x86
	EndGlobalSection
	GlobalSection(SolutionProperties) = preSolution
		HideSolutionNode = FALSE
	EndGlobalSection
EndGlobal
